// !$*UTF8*$!
{
	archiveVersion = 1;
	classes = {
	};
	objectVersion = 46;
	objects = {

/* Begin PBXBuildFile section */
		899520EA82BEDB3919F3578A /* libPods.a in Frameworks */ = {isa = PBXBuildFile; fileRef = 8CB9EC9907700C45376417E5 /* libPods.a */; };
		C83DF5701A99629300C98592 /* main.m in Sources */ = {isa = PBXBuildFile; fileRef = C83DF56F1A99629300C98592 /* main.m */; };
		C83DF5731A99629300C98592 /* AppDelegate.m in Sources */ = {isa = PBXBuildFile; fileRef = C83DF5721A99629300C98592 /* AppDelegate.m */; };
		C83DF57B1A99629300C98592 /* Images.xcassets in Resources */ = {isa = PBXBuildFile; fileRef = C83DF57A1A99629300C98592 /* Images.xcassets */; };
		C83DF57E1A99629300C98592 /* LaunchScreen.xib in Resources */ = {isa = PBXBuildFile; fileRef = C83DF57C1A99629300C98592 /* LaunchScreen.xib */; };
		C83DF58A1A99629300C98592 /* TwitterTests.m in Sources */ = {isa = PBXBuildFile; fileRef = C83DF5891A99629300C98592 /* TwitterTests.m */; };
		C83DF5971A99651500C98592 /* LoginViewController.m in Sources */ = {isa = PBXBuildFile; fileRef = C83DF5951A99651500C98592 /* LoginViewController.m */; };
		C83DF5981A99651500C98592 /* LoginViewController.xib in Resources */ = {isa = PBXBuildFile; fileRef = C83DF5961A99651500C98592 /* LoginViewController.xib */; };
		C83DF59C1A99661300C98592 /* TwitterClient.m in Sources */ = {isa = PBXBuildFile; fileRef = C83DF59B1A99661300C98592 /* TwitterClient.m */; };
		C83DF5A01A996F0100C98592 /* User.m in Sources */ = {isa = PBXBuildFile; fileRef = C83DF59F1A996F0100C98592 /* User.m */; };
		C83DF5A31A996F4F00C98592 /* Tweet.m in Sources */ = {isa = PBXBuildFile; fileRef = C83DF5A21A996F4F00C98592 /* Tweet.m */; };
		C83DF5A71A99A2BD00C98592 /* TweetsViewController.m in Sources */ = {isa = PBXBuildFile; fileRef = C83DF5A51A99A2BD00C98592 /* TweetsViewController.m */; };
		C83DF5A81A99A2BD00C98592 /* TweetsViewController.xib in Resources */ = {isa = PBXBuildFile; fileRef = C83DF5A61A99A2BD00C98592 /* TweetsViewController.xib */; };
		C83DF5AD1A99AA8C00C98592 /* TweetCell.m in Sources */ = {isa = PBXBuildFile; fileRef = C83DF5AB1A99AA8C00C98592 /* TweetCell.m */; };
		C83DF5AE1A99AA8C00C98592 /* TweetCell.xib in Resources */ = {isa = PBXBuildFile; fileRef = C83DF5AC1A99AA8C00C98592 /* TweetCell.xib */; };
		C87B158A1A99ED3300C671D6 /* ComposeViewController.m in Sources */ = {isa = PBXBuildFile; fileRef = C87B15881A99ED3300C671D6 /* ComposeViewController.m */; };
		C87B158B1A99ED3300C671D6 /* ComposeViewController.xib in Resources */ = {isa = PBXBuildFile; fileRef = C87B15891A99ED3300C671D6 /* ComposeViewController.xib */; };
		C87B158F1A9AA31D00C671D6 /* TweetViewController.m in Sources */ = {isa = PBXBuildFile; fileRef = C87B158D1A9AA31D00C671D6 /* TweetViewController.m */; };
		C87B15901A9AA31D00C671D6 /* TweetViewController.xib in Resources */ = {isa = PBXBuildFile; fileRef = C87B158E1A9AA31D00C671D6 /* TweetViewController.xib */; };
		C87B15941A9AA8FA00C671D6 /* BigTweetCell.m in Sources */ = {isa = PBXBuildFile; fileRef = C87B15921A9AA8FA00C671D6 /* BigTweetCell.m */; };
		C87B15951A9AA8FA00C671D6 /* BigTweetCell.xib in Resources */ = {isa = PBXBuildFile; fileRef = C87B15931A9AA8FA00C671D6 /* BigTweetCell.xib */; };
		C87B15991A9AB17A00C671D6 /* CounterCell.m in Sources */ = {isa = PBXBuildFile; fileRef = C87B15971A9AB17A00C671D6 /* CounterCell.m */; };
		C87B159A1A9AB17A00C671D6 /* CounterCell.xib in Resources */ = {isa = PBXBuildFile; fileRef = C87B15981A9AB17A00C671D6 /* CounterCell.xib */; };
		C87B159E1A9AB54800C671D6 /* ControlCell.m in Sources */ = {isa = PBXBuildFile; fileRef = C87B159C1A9AB54800C671D6 /* ControlCell.m */; };
		C87B159F1A9AB54800C671D6 /* ControlCell.xib in Resources */ = {isa = PBXBuildFile; fileRef = C87B159D1A9AB54800C671D6 /* ControlCell.xib */; };
/* End PBXBuildFile section */

/* Begin PBXContainerItemProxy section */
		C83DF5841A99629300C98592 /* PBXContainerItemProxy */ = {
			isa = PBXContainerItemProxy;
			containerPortal = C83DF5621A99629200C98592 /* Project object */;
			proxyType = 1;
			remoteGlobalIDString = C83DF5691A99629200C98592;
			remoteInfo = Twitter;
		};
/* End PBXContainerItemProxy section */

/* Begin PBXFileReference section */
		42390904234CA3F6AC0D12B6 /* Pods.release.xcconfig */ = {isa = PBXFileReference; includeInIndex = 1; lastKnownFileType = text.xcconfig; name = Pods.release.xcconfig; path = "Pods/Target Support Files/Pods/Pods.release.xcconfig"; sourceTree = "<group>"; };
		4782F42CA0F7C88863A1D66A /* Pods.debug.xcconfig */ = {isa = PBXFileReference; includeInIndex = 1; lastKnownFileType = text.xcconfig; name = Pods.debug.xcconfig; path = "Pods/Target Support Files/Pods/Pods.debug.xcconfig"; sourceTree = "<group>"; };
		8CB9EC9907700C45376417E5 /* libPods.a */ = {isa = PBXFileReference; explicitFileType = archive.ar; includeInIndex = 0; path = libPods.a; sourceTree = BUILT_PRODUCTS_DIR; };
		C83DF56A1A99629300C98592 /* Twitter.app */ = {isa = PBXFileReference; explicitFileType = wrapper.application; includeInIndex = 0; path = Twitter.app; sourceTree = BUILT_PRODUCTS_DIR; };
		C83DF56E1A99629300C98592 /* Info.plist */ = {isa = PBXFileReference; lastKnownFileType = text.plist.xml; path = Info.plist; sourceTree = "<group>"; };
		C83DF56F1A99629300C98592 /* main.m */ = {isa = PBXFileReference; lastKnownFileType = sourcecode.c.objc; path = main.m; sourceTree = "<group>"; };
		C83DF5711A99629300C98592 /* AppDelegate.h */ = {isa = PBXFileReference; lastKnownFileType = sourcecode.c.h; path = AppDelegate.h; sourceTree = "<group>"; };
		C83DF5721A99629300C98592 /* AppDelegate.m */ = {isa = PBXFileReference; lastKnownFileType = sourcecode.c.objc; path = AppDelegate.m; sourceTree = "<group>"; };
		C83DF57A1A99629300C98592 /* Images.xcassets */ = {isa = PBXFileReference; lastKnownFileType = folder.assetcatalog; path = Images.xcassets; sourceTree = "<group>"; };
		C83DF57D1A99629300C98592 /* Base */ = {isa = PBXFileReference; lastKnownFileType = file.xib; name = Base; path = Base.lproj/LaunchScreen.xib; sourceTree = "<group>"; };
		C83DF5831A99629300C98592 /* TwitterTests.xctest */ = {isa = PBXFileReference; explicitFileType = wrapper.cfbundle; includeInIndex = 0; path = TwitterTests.xctest; sourceTree = BUILT_PRODUCTS_DIR; };
		C83DF5881A99629300C98592 /* Info.plist */ = {isa = PBXFileReference; lastKnownFileType = text.plist.xml; path = Info.plist; sourceTree = "<group>"; };
		C83DF5891A99629300C98592 /* TwitterTests.m */ = {isa = PBXFileReference; lastKnownFileType = sourcecode.c.objc; path = TwitterTests.m; sourceTree = "<group>"; };
		C83DF5941A99651500C98592 /* LoginViewController.h */ = {isa = PBXFileReference; fileEncoding = 4; lastKnownFileType = sourcecode.c.h; path = LoginViewController.h; sourceTree = "<group>"; };
		C83DF5951A99651500C98592 /* LoginViewController.m */ = {isa = PBXFileReference; fileEncoding = 4; lastKnownFileType = sourcecode.c.objc; path = LoginViewController.m; sourceTree = "<group>"; };
		C83DF5961A99651500C98592 /* LoginViewController.xib */ = {isa = PBXFileReference; fileEncoding = 4; lastKnownFileType = file.xib; path = LoginViewController.xib; sourceTree = "<group>"; };
		C83DF59A1A99661300C98592 /* TwitterClient.h */ = {isa = PBXFileReference; fileEncoding = 4; lastKnownFileType = sourcecode.c.h; path = TwitterClient.h; sourceTree = "<group>"; };
		C83DF59B1A99661300C98592 /* TwitterClient.m */ = {isa = PBXFileReference; fileEncoding = 4; lastKnownFileType = sourcecode.c.objc; path = TwitterClient.m; sourceTree = "<group>"; };
		C83DF59E1A996F0100C98592 /* User.h */ = {isa = PBXFileReference; fileEncoding = 4; lastKnownFileType = sourcecode.c.h; path = User.h; sourceTree = "<group>"; };
		C83DF59F1A996F0100C98592 /* User.m */ = {isa = PBXFileReference; fileEncoding = 4; lastKnownFileType = sourcecode.c.objc; path = User.m; sourceTree = "<group>"; };
		C83DF5A11A996F4F00C98592 /* Tweet.h */ = {isa = PBXFileReference; fileEncoding = 4; lastKnownFileType = sourcecode.c.h; path = Tweet.h; sourceTree = "<group>"; };
		C83DF5A21A996F4F00C98592 /* Tweet.m */ = {isa = PBXFileReference; fileEncoding = 4; lastKnownFileType = sourcecode.c.objc; path = Tweet.m; sourceTree = "<group>"; };
		C83DF5A41A99A2BD00C98592 /* TweetsViewController.h */ = {isa = PBXFileReference; fileEncoding = 4; lastKnownFileType = sourcecode.c.h; path = TweetsViewController.h; sourceTree = "<group>"; };
		C83DF5A51A99A2BD00C98592 /* TweetsViewController.m */ = {isa = PBXFileReference; fileEncoding = 4; lastKnownFileType = sourcecode.c.objc; path = TweetsViewController.m; sourceTree = "<group>"; };
		C83DF5A61A99A2BD00C98592 /* TweetsViewController.xib */ = {isa = PBXFileReference; fileEncoding = 4; lastKnownFileType = file.xib; path = TweetsViewController.xib; sourceTree = "<group>"; };
		C83DF5AA1A99AA8C00C98592 /* TweetCell.h */ = {isa = PBXFileReference; fileEncoding = 4; lastKnownFileType = sourcecode.c.h; path = TweetCell.h; sourceTree = "<group>"; };
		C83DF5AB1A99AA8C00C98592 /* TweetCell.m */ = {isa = PBXFileReference; fileEncoding = 4; lastKnownFileType = sourcecode.c.objc; path = TweetCell.m; sourceTree = "<group>"; };
		C83DF5AC1A99AA8C00C98592 /* TweetCell.xib */ = {isa = PBXFileReference; fileEncoding = 4; lastKnownFileType = file.xib; path = TweetCell.xib; sourceTree = "<group>"; };
		C87B15871A99ED3300C671D6 /* ComposeViewController.h */ = {isa = PBXFileReference; fileEncoding = 4; lastKnownFileType = sourcecode.c.h; path = ComposeViewController.h; sourceTree = "<group>"; };
		C87B15881A99ED3300C671D6 /* ComposeViewController.m */ = {isa = PBXFileReference; fileEncoding = 4; lastKnownFileType = sourcecode.c.objc; path = ComposeViewController.m; sourceTree = "<group>"; };
		C87B15891A99ED3300C671D6 /* ComposeViewController.xib */ = {isa = PBXFileReference; fileEncoding = 4; lastKnownFileType = file.xib; path = ComposeViewController.xib; sourceTree = "<group>"; };
		C87B158C1A9AA31D00C671D6 /* TweetViewController.h */ = {isa = PBXFileReference; fileEncoding = 4; lastKnownFileType = sourcecode.c.h; path = TweetViewController.h; sourceTree = "<group>"; };
		C87B158D1A9AA31D00C671D6 /* TweetViewController.m */ = {isa = PBXFileReference; fileEncoding = 4; lastKnownFileType = sourcecode.c.objc; path = TweetViewController.m; sourceTree = "<group>"; };
		C87B158E1A9AA31D00C671D6 /* TweetViewController.xib */ = {isa = PBXFileReference; fileEncoding = 4; lastKnownFileType = file.xib; path = TweetViewController.xib; sourceTree = "<group>"; };
		C87B15911A9AA8FA00C671D6 /* BigTweetCell.h */ = {isa = PBXFileReference; fileEncoding = 4; lastKnownFileType = sourcecode.c.h; path = BigTweetCell.h; sourceTree = "<group>"; };
		C87B15921A9AA8FA00C671D6 /* BigTweetCell.m */ = {isa = PBXFileReference; fileEncoding = 4; lastKnownFileType = sourcecode.c.objc; path = BigTweetCell.m; sourceTree = "<group>"; };
		C87B15931A9AA8FA00C671D6 /* BigTweetCell.xib */ = {isa = PBXFileReference; fileEncoding = 4; lastKnownFileType = file.xib; path = BigTweetCell.xib; sourceTree = "<group>"; };
		C87B15961A9AB17A00C671D6 /* CounterCell.h */ = {isa = PBXFileReference; fileEncoding = 4; lastKnownFileType = sourcecode.c.h; path = CounterCell.h; sourceTree = "<group>"; };
		C87B15971A9AB17A00C671D6 /* CounterCell.m */ = {isa = PBXFileReference; fileEncoding = 4; lastKnownFileType = sourcecode.c.objc; path = CounterCell.m; sourceTree = "<group>"; };
		C87B15981A9AB17A00C671D6 /* CounterCell.xib */ = {isa = PBXFileReference; fileEncoding = 4; lastKnownFileType = file.xib; path = CounterCell.xib; sourceTree = "<group>"; };
		C87B159B1A9AB54800C671D6 /* ControlCell.h */ = {isa = PBXFileReference; fileEncoding = 4; lastKnownFileType = sourcecode.c.h; path = ControlCell.h; sourceTree = "<group>"; };
		C87B159C1A9AB54800C671D6 /* ControlCell.m */ = {isa = PBXFileReference; fileEncoding = 4; lastKnownFileType = sourcecode.c.objc; path = ControlCell.m; sourceTree = "<group>"; };
		C87B159D1A9AB54800C671D6 /* ControlCell.xib */ = {isa = PBXFileReference; fileEncoding = 4; lastKnownFileType = file.xib; path = ControlCell.xib; sourceTree = "<group>"; };
/* End PBXFileReference section */

/* Begin PBXFrameworksBuildPhase section */
		C83DF5671A99629200C98592 /* Frameworks */ = {
			isa = PBXFrameworksBuildPhase;
			buildActionMask = 2147483647;
			files = (
				899520EA82BEDB3919F3578A /* libPods.a in Frameworks */,
			);
			runOnlyForDeploymentPostprocessing = 0;
		};
		C83DF5801A99629300C98592 /* Frameworks */ = {
			isa = PBXFrameworksBuildPhase;
			buildActionMask = 2147483647;
			files = (
			);
			runOnlyForDeploymentPostprocessing = 0;
		};
/* End PBXFrameworksBuildPhase section */

/* Begin PBXGroup section */
		391BC5076631BB52B1AA8ABB /* Pods */ = {
			isa = PBXGroup;
			children = (
				4782F42CA0F7C88863A1D66A /* Pods.debug.xcconfig */,
				42390904234CA3F6AC0D12B6 /* Pods.release.xcconfig */,
			);
			name = Pods;
			sourceTree = "<group>";
		};
		927BDB550EF422662AFAA937 /* Frameworks */ = {
			isa = PBXGroup;
			children = (
				8CB9EC9907700C45376417E5 /* libPods.a */,
			);
			name = Frameworks;
			sourceTree = "<group>";
		};
		C83DF5611A99629200C98592 = {
			isa = PBXGroup;
			children = (
				C83DF56C1A99629300C98592 /* Twitter */,
				C83DF5861A99629300C98592 /* TwitterTests */,
				C83DF56B1A99629300C98592 /* Products */,
				391BC5076631BB52B1AA8ABB /* Pods */,
				927BDB550EF422662AFAA937 /* Frameworks */,
			);
			sourceTree = "<group>";
		};
		C83DF56B1A99629300C98592 /* Products */ = {
			isa = PBXGroup;
			children = (
				C83DF56A1A99629300C98592 /* Twitter.app */,
				C83DF5831A99629300C98592 /* TwitterTests.xctest */,
			);
			name = Products;
			sourceTree = "<group>";
		};
		C83DF56C1A99629300C98592 /* Twitter */ = {
			isa = PBXGroup;
			children = (
				C83DF5A91A99AA6C00C98592 /* Views */,
				C83DF59D1A996EF400C98592 /* Models */,
				C83DF5991A9965BF00C98592 /* Utils */,
				C83DF5931A99650300C98592 /* View Controllers */,
				C83DF5711A99629300C98592 /* AppDelegate.h */,
				C83DF5721A99629300C98592 /* AppDelegate.m */,
				C83DF57A1A99629300C98592 /* Images.xcassets */,
				C83DF57C1A99629300C98592 /* LaunchScreen.xib */,
				C83DF56D1A99629300C98592 /* Supporting Files */,
			);
			path = Twitter;
			sourceTree = "<group>";
		};
		C83DF56D1A99629300C98592 /* Supporting Files */ = {
			isa = PBXGroup;
			children = (
				C83DF56E1A99629300C98592 /* Info.plist */,
				C83DF56F1A99629300C98592 /* main.m */,
			);
			name = "Supporting Files";
			sourceTree = "<group>";
		};
		C83DF5861A99629300C98592 /* TwitterTests */ = {
			isa = PBXGroup;
			children = (
				C83DF5891A99629300C98592 /* TwitterTests.m */,
				C83DF5871A99629300C98592 /* Supporting Files */,
			);
			path = TwitterTests;
			sourceTree = "<group>";
		};
		C83DF5871A99629300C98592 /* Supporting Files */ = {
			isa = PBXGroup;
			children = (
				C83DF5881A99629300C98592 /* Info.plist */,
			);
			name = "Supporting Files";
			sourceTree = "<group>";
		};
		C83DF5931A99650300C98592 /* View Controllers */ = {
			isa = PBXGroup;
			children = (
				C83DF5941A99651500C98592 /* LoginViewController.h */,
				C83DF5951A99651500C98592 /* LoginViewController.m */,
				C83DF5961A99651500C98592 /* LoginViewController.xib */,
				C83DF5A41A99A2BD00C98592 /* TweetsViewController.h */,
				C83DF5A51A99A2BD00C98592 /* TweetsViewController.m */,
				C83DF5A61A99A2BD00C98592 /* TweetsViewController.xib */,
				C87B15871A99ED3300C671D6 /* ComposeViewController.h */,
				C87B15881A99ED3300C671D6 /* ComposeViewController.m */,
				C87B15891A99ED3300C671D6 /* ComposeViewController.xib */,
				C87B158C1A9AA31D00C671D6 /* TweetViewController.h */,
				C87B158D1A9AA31D00C671D6 /* TweetViewController.m */,
				C87B158E1A9AA31D00C671D6 /* TweetViewController.xib */,
			);
			name = "View Controllers";
			sourceTree = "<group>";
		};
		C83DF5991A9965BF00C98592 /* Utils */ = {
			isa = PBXGroup;
			children = (
				C83DF59A1A99661300C98592 /* TwitterClient.h */,
				C83DF59B1A99661300C98592 /* TwitterClient.m */,
			);
			name = Utils;
			sourceTree = "<group>";
		};
		C83DF59D1A996EF400C98592 /* Models */ = {
			isa = PBXGroup;
			children = (
				C83DF59E1A996F0100C98592 /* User.h */,
				C83DF59F1A996F0100C98592 /* User.m */,
				C83DF5A11A996F4F00C98592 /* Tweet.h */,
				C83DF5A21A996F4F00C98592 /* Tweet.m */,
			);
			name = Models;
			sourceTree = "<group>";
		};
		C83DF5A91A99AA6C00C98592 /* Views */ = {
			isa = PBXGroup;
			children = (
				C83DF5AA1A99AA8C00C98592 /* TweetCell.h */,
				C83DF5AB1A99AA8C00C98592 /* TweetCell.m */,
				C83DF5AC1A99AA8C00C98592 /* TweetCell.xib */,
				C87B15911A9AA8FA00C671D6 /* BigTweetCell.h */,
				C87B15921A9AA8FA00C671D6 /* BigTweetCell.m */,
				C87B15931A9AA8FA00C671D6 /* BigTweetCell.xib */,
				C87B15961A9AB17A00C671D6 /* CounterCell.h */,
				C87B15971A9AB17A00C671D6 /* CounterCell.m */,
				C87B15981A9AB17A00C671D6 /* CounterCell.xib */,
				C87B159B1A9AB54800C671D6 /* ControlCell.h */,
				C87B159C1A9AB54800C671D6 /* ControlCell.m */,
				C87B159D1A9AB54800C671D6 /* ControlCell.xib */,
			);
			name = Views;
			sourceTree = "<group>";
		};
/* End PBXGroup section */

/* Begin PBXNativeTarget section */
		C83DF5691A99629200C98592 /* Twitter */ = {
			isa = PBXNativeTarget;
			buildConfigurationList = C83DF58D1A99629300C98592 /* Build configuration list for PBXNativeTarget "Twitter" */;
			buildPhases = (
				46CF814512D1CE6AA58C23EE /* Check Pods Manifest.lock */,
				C83DF5661A99629200C98592 /* Sources */,
				C83DF5671A99629200C98592 /* Frameworks */,
				C83DF5681A99629200C98592 /* Resources */,
				E2CAA191A9A3B290E258E3D7 /* Copy Pods Resources */,
			);
			buildRules = (
			);
			dependencies = (
			);
			name = Twitter;
			productName = Twitter;
			productReference = C83DF56A1A99629300C98592 /* Twitter.app */;
			productType = "com.apple.product-type.application";
		};
		C83DF5821A99629300C98592 /* TwitterTests */ = {
			isa = PBXNativeTarget;
			buildConfigurationList = C83DF5901A99629300C98592 /* Build configuration list for PBXNativeTarget "TwitterTests" */;
			buildPhases = (
				C83DF57F1A99629300C98592 /* Sources */,
				C83DF5801A99629300C98592 /* Frameworks */,
				C83DF5811A99629300C98592 /* Resources */,
			);
			buildRules = (
			);
			dependencies = (
				C83DF5851A99629300C98592 /* PBXTargetDependency */,
			);
			name = TwitterTests;
			productName = TwitterTests;
			productReference = C83DF5831A99629300C98592 /* TwitterTests.xctest */;
			productType = "com.apple.product-type.bundle.unit-test";
		};
/* End PBXNativeTarget section */

/* Begin PBXProject section */
		C83DF5621A99629200C98592 /* Project object */ = {
			isa = PBXProject;
			attributes = {
				LastUpgradeCheck = 0610;
				ORGANIZATIONNAME = "Kittipat Virochsiri";
				TargetAttributes = {
					C83DF5691A99629200C98592 = {
						CreatedOnToolsVersion = 6.1.1;
					};
					C83DF5821A99629300C98592 = {
						CreatedOnToolsVersion = 6.1.1;
						TestTargetID = C83DF5691A99629200C98592;
					};
				};
			};
			buildConfigurationList = C83DF5651A99629200C98592 /* Build configuration list for PBXProject "Twitter" */;
			compatibilityVersion = "Xcode 3.2";
			developmentRegion = English;
			hasScannedForEncodings = 0;
			knownRegions = (
				en,
				Base,
			);
			mainGroup = C83DF5611A99629200C98592;
			productRefGroup = C83DF56B1A99629300C98592 /* Products */;
			projectDirPath = "";
			projectRoot = "";
			targets = (
				C83DF5691A99629200C98592 /* Twitter */,
				C83DF5821A99629300C98592 /* TwitterTests */,
			);
		};
/* End PBXProject section */

/* Begin PBXResourcesBuildPhase section */
		C83DF5681A99629200C98592 /* Resources */ = {
			isa = PBXResourcesBuildPhase;
			buildActionMask = 2147483647;
			files = (
				C83DF5A81A99A2BD00C98592 /* TweetsViewController.xib in Resources */,
				C87B15901A9AA31D00C671D6 /* TweetViewController.xib in Resources */,
				C87B158B1A99ED3300C671D6 /* ComposeViewController.xib in Resources */,
				C87B159F1A9AB54800C671D6 /* ControlCell.xib in Resources */,
				C83DF5AE1A99AA8C00C98592 /* TweetCell.xib in Resources */,
				C87B15951A9AA8FA00C671D6 /* BigTweetCell.xib in Resources */,
				C87B159A1A9AB17A00C671D6 /* CounterCell.xib in Resources */,
				C83DF57E1A99629300C98592 /* LaunchScreen.xib in Resources */,
				C83DF57B1A99629300C98592 /* Images.xcassets in Resources */,
				C83DF5981A99651500C98592 /* LoginViewController.xib in Resources */,
			);
			runOnlyForDeploymentPostprocessing = 0;
		};
		C83DF5811A99629300C98592 /* Resources */ = {
			isa = PBXResourcesBuildPhase;
			buildActionMask = 2147483647;
			files = (
			);
			runOnlyForDeploymentPostprocessing = 0;
		};
/* End PBXResourcesBuildPhase section */

/* Begin PBXShellScriptBuildPhase section */
		46CF814512D1CE6AA58C23EE /* Check Pods Manifest.lock */ = {
			isa = PBXShellScriptBuildPhase;
			buildActionMask = 2147483647;
			files = (
			);
			inputPaths = (
			);
			name = "Check Pods Manifest.lock";
			outputPaths = (
			);
			runOnlyForDeploymentPostprocessing = 0;
			shellPath = /bin/sh;
			shellScript = "diff \"${PODS_ROOT}/../Podfile.lock\" \"${PODS_ROOT}/Manifest.lock\" > /dev/null\nif [[ $? != 0 ]] ; then\n    cat << EOM\nerror: The sandbox is not in sync with the Podfile.lock. Run 'pod install' or update your CocoaPods installation.\nEOM\n    exit 1\nfi\n";
			showEnvVarsInLog = 0;
		};
		E2CAA191A9A3B290E258E3D7 /* Copy Pods Resources */ = {
			isa = PBXShellScriptBuildPhase;
			buildActionMask = 2147483647;
			files = (
			);
			inputPaths = (
			);
			name = "Copy Pods Resources";
			outputPaths = (
			);
			runOnlyForDeploymentPostprocessing = 0;
			shellPath = /bin/sh;
			shellScript = "\"${SRCROOT}/Pods/Target Support Files/Pods/Pods-resources.sh\"\n";
			showEnvVarsInLog = 0;
		};
/* End PBXShellScriptBuildPhase section */

/* Begin PBXSourcesBuildPhase section */
		C83DF5661A99629200C98592 /* Sources */ = {
			isa = PBXSourcesBuildPhase;
			buildActionMask = 2147483647;
			files = (
				C83DF5A01A996F0100C98592 /* User.m in Sources */,
				C83DF59C1A99661300C98592 /* TwitterClient.m in Sources */,
				C83DF5731A99629300C98592 /* AppDelegate.m in Sources */,
				C87B15941A9AA8FA00C671D6 /* BigTweetCell.m in Sources */,
				C87B158A1A99ED3300C671D6 /* ComposeViewController.m in Sources */,
				C87B158F1A9AA31D00C671D6 /* TweetViewController.m in Sources */,
				C83DF5A31A996F4F00C98592 /* Tweet.m in Sources */,
				C87B159E1A9AB54800C671D6 /* ControlCell.m in Sources */,
				C83DF5701A99629300C98592 /* main.m in Sources */,
				C87B15991A9AB17A00C671D6 /* CounterCell.m in Sources */,
				C83DF5971A99651500C98592 /* LoginViewController.m in Sources */,
				C83DF5A71A99A2BD00C98592 /* TweetsViewController.m in Sources */,
				C83DF5AD1A99AA8C00C98592 /* TweetCell.m in Sources */,
			);
			runOnlyForDeploymentPostprocessing = 0;
		};
		C83DF57F1A99629300C98592 /* Sources */ = {
			isa = PBXSourcesBuildPhase;
			buildActionMask = 2147483647;
			files = (
				C83DF58A1A99629300C98592 /* TwitterTests.m in Sources */,
			);
			runOnlyForDeploymentPostprocessing = 0;
		};
/* End PBXSourcesBuildPhase section */

/* Begin PBXTargetDependency section */
		C83DF5851A99629300C98592 /* PBXTargetDependency */ = {
			isa = PBXTargetDependency;
			target = C83DF5691A99629200C98592 /* Twitter */;
			targetProxy = C83DF5841A99629300C98592 /* PBXContainerItemProxy */;
		};
/* End PBXTargetDependency section */

/* Begin PBXVariantGroup section */
		C83DF57C1A99629300C98592 /* LaunchScreen.xib */ = {
			isa = PBXVariantGroup;
			children = (
				C83DF57D1A99629300C98592 /* Base */,
			);
			name = LaunchScreen.xib;
			sourceTree = "<group>";
		};
/* End PBXVariantGroup section */

/* Begin XCBuildConfiguration section */
		C83DF58B1A99629300C98592 /* Debug */ = {
			isa = XCBuildConfiguration;
			buildSettings = {
				ALWAYS_SEARCH_USER_PATHS = NO;
				CLANG_CXX_LANGUAGE_STANDARD = "gnu++0x";
				CLANG_CXX_LIBRARY = "libc++";
				CLANG_ENABLE_MODULES = YES;
				CLANG_ENABLE_OBJC_ARC = YES;
				CLANG_WARN_BOOL_CONVERSION = YES;
				CLANG_WARN_CONSTANT_CONVERSION = YES;
				CLANG_WARN_DIRECT_OBJC_ISA_USAGE = YES_ERROR;
				CLANG_WARN_EMPTY_BODY = YES;
				CLANG_WARN_ENUM_CONVERSION = YES;
				CLANG_WARN_INT_CONVERSION = YES;
				CLANG_WARN_OBJC_ROOT_CLASS = YES_ERROR;
				CLANG_WARN_UNREACHABLE_CODE = YES;
				CLANG_WARN__DUPLICATE_METHOD_MATCH = YES;
				"CODE_SIGN_IDENTITY[sdk=iphoneos*]" = "iPhone Developer";
				COPY_PHASE_STRIP = NO;
				ENABLE_STRICT_OBJC_MSGSEND = YES;
				GCC_C_LANGUAGE_STANDARD = gnu99;
				GCC_DYNAMIC_NO_PIC = NO;
				GCC_OPTIMIZATION_LEVEL = 0;
				GCC_PREPROCESSOR_DEFINITIONS = (
					"DEBUG=1",
					"$(inherited)",
				);
				GCC_SYMBOLS_PRIVATE_EXTERN = NO;
				GCC_WARN_64_TO_32_BIT_CONVERSION = YES;
				GCC_WARN_ABOUT_RETURN_TYPE = YES_ERROR;
				GCC_WARN_UNDECLARED_SELECTOR = YES;
				GCC_WARN_UNINITIALIZED_AUTOS = YES_AGGRESSIVE;
				GCC_WARN_UNUSED_FUNCTION = YES;
				GCC_WARN_UNUSED_VARIABLE = YES;
				IPHONEOS_DEPLOYMENT_TARGET = 8.1;
				MTL_ENABLE_DEBUG_INFO = YES;
				ONLY_ACTIVE_ARCH = YES;
				SDKROOT = iphoneos;
			};
			name = Debug;
		};
		C83DF58C1A99629300C98592 /* Release */ = {
			isa = XCBuildConfiguration;
			buildSettings = {
				ALWAYS_SEARCH_USER_PATHS = NO;
				CLANG_CXX_LANGUAGE_STANDARD = "gnu++0x";
				CLANG_CXX_LIBRARY = "libc++";
				CLANG_ENABLE_MODULES = YES;
				CLANG_ENABLE_OBJC_ARC = YES;
				CLANG_WARN_BOOL_CONVERSION = YES;
				CLANG_WARN_CONSTANT_CONVERSION = YES;
				CLANG_WARN_DIRECT_OBJC_ISA_USAGE = YES_ERROR;
				CLANG_WARN_EMPTY_BODY = YES;
				CLANG_WARN_ENUM_CONVERSION = YES;
				CLANG_WARN_INT_CONVERSION = YES;
				CLANG_WARN_OBJC_ROOT_CLASS = YES_ERROR;
				CLANG_WARN_UNREACHABLE_CODE = YES;
				CLANG_WARN__DUPLICATE_METHOD_MATCH = YES;
				"CODE_SIGN_IDENTITY[sdk=iphoneos*]" = "iPhone Developer";
				COPY_PHASE_STRIP = YES;
				ENABLE_NS_ASSERTIONS = NO;
				ENABLE_STRICT_OBJC_MSGSEND = YES;
				GCC_C_LANGUAGE_STANDARD = gnu99;
				GCC_WARN_64_TO_32_BIT_CONVERSION = YES;
				GCC_WARN_ABOUT_RETURN_TYPE = YES_ERROR;
				GCC_WARN_UNDECLARED_SELECTOR = YES;
				GCC_WARN_UNINITIALIZED_AUTOS = YES_AGGRESSIVE;
				GCC_WARN_UNUSED_FUNCTION = YES;
				GCC_WARN_UNUSED_VARIABLE = YES;
				IPHONEOS_DEPLOYMENT_TARGET = 8.1;
				MTL_ENABLE_DEBUG_INFO = NO;
				SDKROOT = iphoneos;
				VALIDATE_PRODUCT = YES;
			};
			name = Release;
		};
		C83DF58E1A99629300C98592 /* Debug */ = {
			isa = XCBuildConfiguration;
			baseConfigurationReference = 4782F42CA0F7C88863A1D66A /* Pods.debug.xcconfig */;
			buildSettings = {
				ASSETCATALOG_COMPILER_APPICON_NAME = AppIcon;
				INFOPLIST_FILE = Twitter/Info.plist;
				LD_RUNPATH_SEARCH_PATHS = "$(inherited) @executable_path/Frameworks";
				PRODUCT_NAME = "$(TARGET_NAME)";
			};
			name = Debug;
		};
		C83DF58F1A99629300C98592 /* Release */ = {
			isa = XCBuildConfiguration;
			baseConfigurationReference = 42390904234CA3F6AC0D12B6 /* Pods.release.xcconfig */;
			buildSettings = {
				ASSETCATALOG_COMPILER_APPICON_NAME = AppIcon;
				INFOPLIST_FILE = Twitter/Info.plist;
				LD_RUNPATH_SEARCH_PATHS = "$(inherited) @executable_path/Frameworks";
				PRODUCT_NAME = "$(TARGET_NAME)";
			};
			name = Release;
		};
		C83DF5911A99629300C98592 /* Debug */ = {
			isa = XCBuildConfiguration;
			buildSettings = {
				BUNDLE_LOADER = "$(TEST_HOST)";
				FRAMEWORK_SEARCH_PATHS = (
					"$(SDKROOT)/Developer/Library/Frameworks",
					"$(inherited)",
				);
				GCC_PREPROCESSOR_DEFINITIONS = (
					"DEBUG=1",
					"$(inherited)",
				);
				INFOPLIST_FILE = TwitterTests/Info.plist;
				LD_RUNPATH_SEARCH_PATHS = "$(inherited) @executable_path/Frameworks @loader_path/Frameworks";
				PRODUCT_NAME = "$(TARGET_NAME)";
				TEST_HOST = "$(BUILT_PRODUCTS_DIR)/Twitter.app/Twitter";
			};
			name = Debug;
		};
		C83DF5921A99629300C98592 /* Release */ = {
			isa = XCBuildConfiguration;
			buildSettings = {
				BUNDLE_LOADER = "$(TEST_HOST)";
				FRAMEWORK_SEARCH_PATHS = (
					"$(SDKROOT)/Developer/Library/Frameworks",
					"$(inherited)",
				);
				INFOPLIST_FILE = TwitterTests/Info.plist;
				LD_RUNPATH_SEARCH_PATHS = "$(inherited) @executable_path/Frameworks @loader_path/Frameworks";
				PRODUCT_NAME = "$(TARGET_NAME)";
				TEST_HOST = "$(BUILT_PRODUCTS_DIR)/Twitter.app/Twitter";
			};
			name = Release;
		};
/* End XCBuildConfiguration section */

/* Begin XCConfigurationList section */
		C83DF5651A99629200C98592 /* Build configuration list for PBXProject "Twitter" */ = {
			isa = XCConfigurationList;
			buildConfigurations = (
				C83DF58B1A99629300C98592 /* Debug */,
				C83DF58C1A99629300C98592 /* Release */,
			);
			defaultConfigurationIsVisible = 0;
			defaultConfigurationName = Release;
		};
		C83DF58D1A99629300C98592 /* Build configuration list for PBXNativeTarget "Twitter" */ = {
			isa = XCConfigurationList;
			buildConfigurations = (
				C83DF58E1A99629300C98592 /* Debug */,
				C83DF58F1A99629300C98592 /* Release */,
			);
			defaultConfigurationIsVisible = 0;
			defaultConfigurationName = Release;
		};
		C83DF5901A99629300C98592 /* Build configuration list for PBXNativeTarget "TwitterTests" */ = {
			isa = XCConfigurationList;
			buildConfigurations = (
				C83DF5911A99629300C98592 /* Debug */,
				C83DF5921A99629300C98592 /* Release */,
			);
			defaultConfigurationIsVisible = 0;
			defaultConfigurationName = Release;
		};
/* End XCConfigurationList section */
	};
	rootObject = C83DF5621A99629200C98592 /* Project object */;
}
